Microsoft Visual Studio Solution File, Format Version 12.00
# Visual Studio Version 17
VisualStudioVersion = 17.5.2.0
MinimumVisualStudioVersion = 10.0.40219.1
Project("{FAE04EC0-301F-11D3-BF4B-00C04F79EFBC}") = "BattleCabbageMovieViewer", "BattleCabbageMovieViewer.csproj", "{1D9FE0BF-5813-BC71-99E9-13169432BC97}"
EndProject
Global
	GlobalSection(SolutionConfigurationPlatforms) = preSolution
		Debug|Any CPU = Debug|Any CPU
		Release|Any CPU = Release|Any CPU
	EndGlobalSection
	GlobalSection(ProjectConfigurationPlatforms) = postSolution
		{1D9FE0BF-5813-BC71-99E9-13169432BC97}.Debug|Any CPU.ActiveCfg = Debug|Any CPU
		{1D9FE0BF-5813-BC71-99E9-13169432BC97}.Debug|Any CPU.Build.0 = Debug|Any CPU
		{1D9FE0BF-5813-BC71-99E9-13169432BC97}.Release|Any CPU.ActiveCfg = Release|Any CPU
		{1D9FE0BF-5813-BC71-99E9-13169432BC97}.Release|Any CPU.Build.0 = Release|Any CPU
	EndGlobalSection
	GlobalSection(SolutionProperties) = preSolution
		HideSolutionNode = FALSE
	EndGlobalSection
	GlobalSection(ExtensibilityGlobals) = postSolution
		SolutionGuid = {E47263D3-0BDB-487C-AEEE-7CDBC51FF8E0}
	EndGlobalSection
EndGlobal
